
Microsoft Visual Studio Solution File, Format Version 12.00
# Visual Studio Version 17
VisualStudioVersion = 17.14.36930.0
MinimumVisualStudioVersion = 10.0.40219.1
Project("{FAE04EC0-301F-11D3-BF4B-00C04F79EFBC}") = "aio-edge-heartbeat", "module\aio-edge-heartbeat.csproj", "{F5FDC7E7-DA9B-41DB-94EF-B8F0A126A12F}"
EndProject
Global
	GlobalSection(SolutionConfigurationPlatforms) = preSolution
		Debug|Any CPU = Debug|Any CPU
		Release|Any CPU = Release|Any CPU
	EndGlobalSection
	GlobalSection(ProjectConfigurationPlatforms) = postSolution
		{F5FDC7E7-DA9B-41DB-94EF-B8F0A126A12F}.Debug|Any CPU.ActiveCfg = Debug|Any CPU
		{F5FDC7E7-DA9B-41DB-94EF-B8F0A126A12F}.Debug|Any CPU.Build.0 = Debug|Any CPU
		{F5FDC7E7-DA9B-41DB-94EF-B8F0A126A12F}.Release|Any CPU.ActiveCfg = Release|Any CPU
		{F5FDC7E7-DA9B-41DB-94EF-B8F0A126A12F}.Release|Any CPU.Build.0 = Release|Any CPU
	EndGlobalSection
	GlobalSection(SolutionProperties) = preSolution
		HideSolutionNode = FALSE
	EndGlobalSection
	GlobalSection(ExtensibilityGlobals) = postSolution
		SolutionGuid = {F1D8013C-B4AF-4248-87BC-41B71F0EAD26}
	EndGlobalSection
EndGlobal
